
Microsoft Visual Studio Solution File, Format Version 12.00
# Visual Studio Version 16
VisualStudioVersion = 16.0.30114.105
MinimumVisualStudioVersion = 10.0.40219.1
Project("{FAE04EC0-301F-11D3-BF4B-00C04F79EFBC}") = "TachyHealth", "TachyHealth\TachyHealth.csproj", "{96965336-9B28-4C6D-9401-7D7944BAB5EA}"
EndProject
Global
	GlobalSection(SolutionConfigurationPlatforms) = preSolution
		Debug|Any CPU = Debug|Any CPU
		Release|Any CPU = Release|Any CPU
	EndGlobalSection
	GlobalSection(ProjectConfigurationPlatforms) = postSolution
		{96965336-9B28-4C6D-9401-7D7944BAB5EA}.Debug|Any CPU.ActiveCfg = Debug|Any CPU
		{96965336-9B28-4C6D-9401-7D7944BAB5EA}.Debug|Any CPU.Build.0 = Debug|Any CPU
		{96965336-9B28-4C6D-9401-7D7944BAB5EA}.Release|Any CPU.ActiveCfg = Release|Any CPU
		{96965336-9B28-4C6D-9401-7D7944BAB5EA}.Release|Any CPU.Build.0 = Release|Any CPU
	EndGlobalSection
	GlobalSection(SolutionProperties) = preSolution
		HideSolutionNode = FALSE
	EndGlobalSection
	GlobalSection(ExtensibilityGlobals) = postSolution
		SolutionGuid = {BBEEBE79-9584-447F-AD74-31BEA70B56A6}
	EndGlobalSection
EndGlobal
